
Microsoft Visual Studio Solution File, Format Version 12.00
# Visual Studio Version 16
VisualStudioVersion = 16.0.30804.86
MinimumVisualStudioVersion = 10.0.40219.1
Project("{FAE04EC0-301F-11D3-BF4B-00C04F79EFBC}") = "GenerateHfOnXml", "GenerateHfOnXml.csproj", "{CA4C93B8-E30E-4008-9DE6-86D8BAB8DAE9}"
EndProject
Global
	GlobalSection(SolutionConfigurationPlatforms) = preSolution
		Debug|Any CPU = Debug|Any CPU
		Release|Any CPU = Release|Any CPU
	EndGlobalSection
	GlobalSection(ProjectConfigurationPlatforms) = postSolution
		{CA4C93B8-E30E-4008-9DE6-86D8BAB8DAE9}.Debug|Any CPU.ActiveCfg = Debug|Any CPU
		{CA4C93B8-E30E-4008-9DE6-86D8BAB8DAE9}.Debug|Any CPU.Build.0 = Debug|Any CPU
		{CA4C93B8-E30E-4008-9DE6-86D8BAB8DAE9}.Release|Any CPU.ActiveCfg = Release|Any CPU
		{CA4C93B8-E30E-4008-9DE6-86D8BAB8DAE9}.Release|Any CPU.Build.0 = Release|Any CPU
	EndGlobalSection
	GlobalSection(SolutionProperties) = preSolution
		HideSolutionNode = FALSE
	EndGlobalSection
	GlobalSection(ExtensibilityGlobals) = postSolution
		SolutionGuid = {F728E0C0-FB7E-4216-B1BA-F00706BAB3C5}
	EndGlobalSection
EndGlobal
